
Microsoft Visual Studio Solution File, Format Version 12.00
# Visual Studio Version 17
VisualStudioVersion = 17.10.35013.160
MinimumVisualStudioVersion = 10.0.40219.1
Project("{9A19103F-16F7-4668-BE54-9A1E7A4F7556}") = "DataAccess", "DataAccess\DataAccess.csproj", "{8DAC3427-84AE-496D-AAE8-3A8657A33B5E}"
EndProject
Project("{9A19103F-16F7-4668-BE54-9A1E7A4F7556}") = "Business", "Business\Business.csproj", "{A5DC0543-4638-4D22-B91E-CBCB8B09DC86}"
EndProject
Project("{9A19103F-16F7-4668-BE54-9A1E7A4F7556}") = "API", "API\API.csproj", "{A237136E-28A9-4BD5-814B-2FAF7E428653}"
EndProject
Project("{9A19103F-16F7-4668-BE54-9A1E7A4F7556}") = "Entities", "Entities\Entities.csproj", "{8A52DC60-89E3-4F31-B81B-B86EFCDE6030}"
EndProject
Project("{9A19103F-16F7-4668-BE54-9A1E7A4F7556}") = "ConsoleUI", "ConsoleUI\ConsoleUI.csproj", "{7C09C3DC-38C7-4120-84EF-FF88665A2794}"
EndProject
Project("{FAE04EC0-301F-11D3-BF4B-00C04F79EFBC}") = "Core", "Core\Core.csproj", "{56FE0222-081E-4629-8B78-E11BB8CCB465}"
EndProject
Global
	GlobalSection(SolutionConfigurationPlatforms) = preSolution
		Debug|Any CPU = Debug|Any CPU
		Release|Any CPU = Release|Any CPU
	EndGlobalSection
	GlobalSection(ProjectConfigurationPlatforms) = postSolution
		{8DAC3427-84AE-496D-AAE8-3A8657A33B5E}.Debug|Any CPU.ActiveCfg = Debug|Any CPU
		{8DAC3427-84AE-496D-AAE8-3A8657A33B5E}.Debug|Any CPU.Build.0 = Debug|Any CPU
		{8DAC3427-84AE-496D-AAE8-3A8657A33B5E}.Release|Any CPU.ActiveCfg = Release|Any CPU
		{8DAC3427-84AE-496D-AAE8-3A8657A33B5E}.Release|Any CPU.Build.0 = Release|Any CPU
		{A5DC0543-4638-4D22-B91E-CBCB8B09DC86}.Debug|Any CPU.ActiveCfg = Debug|Any CPU
		{A5DC0543-4638-4D22-B91E-CBCB8B09DC86}.Debug|Any CPU.Build.0 = Debug|Any CPU
		{A5DC0543-4638-4D22-B91E-CBCB8B09DC86}.Release|Any CPU.ActiveCfg = Release|Any CPU
		{A5DC0543-4638-4D22-B91E-CBCB8B09DC86}.Release|Any CPU.Build.0 = Release|Any CPU
		{A237136E-28A9-4BD5-814B-2FAF7E428653}.Debug|Any CPU.ActiveCfg = Debug|Any CPU
		{A237136E-28A9-4BD5-814B-2FAF7E428653}.Debug|Any CPU.Build.0 = Debug|Any CPU
		{A237136E-28A9-4BD5-814B-2FAF7E428653}.Release|Any CPU.ActiveCfg = Release|Any CPU
		{A237136E-28A9-4BD5-814B-2FAF7E428653}.Release|Any CPU.Build.0 = Release|Any CPU
		{8A52DC60-89E3-4F31-B81B-B86EFCDE6030}.Debug|Any CPU.ActiveCfg = Debug|Any CPU
		{8A52DC60-89E3-4F31-B81B-B86EFCDE6030}.Debug|Any CPU.Build.0 = Debug|Any CPU
		{8A52DC60-89E3-4F31-B81B-B86EFCDE6030}.Release|Any CPU.ActiveCfg = Release|Any CPU
		{8A52DC60-89E3-4F31-B81B-B86EFCDE6030}.Release|Any CPU.Build.0 = Release|Any CPU
		{7C09C3DC-38C7-4120-84EF-FF88665A2794}.Debug|Any CPU.ActiveCfg = Debug|Any CPU
		{7C09C3DC-38C7-4120-84EF-FF88665A2794}.Debug|Any CPU.Build.0 = Debug|Any CPU
		{7C09C3DC-38C7-4120-84EF-FF88665A2794}.Release|Any CPU.ActiveCfg = Release|Any CPU
		{7C09C3DC-38C7-4120-84EF-FF88665A2794}.Release|Any CPU.Build.0 = Release|Any CPU
		{56FE0222-081E-4629-8B78-E11BB8CCB465}.Debug|Any CPU.ActiveCfg = Debug|Any CPU
		{56FE0222-081E-4629-8B78-E11BB8CCB465}.Debug|Any CPU.Build.0 = Debug|Any CPU
		{56FE0222-081E-4629-8B78-E11BB8CCB465}.Release|Any CPU.ActiveCfg = Release|Any CPU
		{56FE0222-081E-4629-8B78-E11BB8CCB465}.Release|Any CPU.Build.0 = Release|Any CPU
	EndGlobalSection
	GlobalSection(SolutionProperties) = preSolution
		HideSolutionNode = FALSE
	EndGlobalSection
	GlobalSection(ExtensibilityGlobals) = postSolution
		SolutionGuid = {9265F109-2616-4A60-ABFC-63DEA35C8067}
	EndGlobalSection
EndGlobal
